// !$*UTF8*$!
{
	archiveVersion = 1;
	classes = {
	};
	objectVersion = 54;
	objects = {

/* Begin PBXBuildFile section */
		280580F32F07C461003501F0 /* EventPanelView.swift in Sources */ = {isa = PBXBuildFile; fileRef = 280580F22F07C461003501F0 /* EventPanelView.swift */; };
		280580F92F07F0C5003501F0 /* InMemoryLogging in Frameworks */ = {isa = PBXBuildFile; productRef = 280580F82F07F0C5003501F0 /* InMemoryLogging */; };
		280580FB2F07F0C5003501F0 /* Logging in Frameworks */ = {isa = PBXBuildFile; productRef = 280580FA2F07F0C5003501F0 /* Logging */; };
		280581012F07F3F0003501F0 /* FileLogHandler.swift in Sources */ = {isa = PBXBuildFile; fileRef = 280580FF2F07F3F0003501F0 /* FileLogHandler.swift */; };
		280581032F07F406003501F0 /* LogManager.swift in Sources */ = {isa = PBXBuildFile; fileRef = 280581022F07F406003501F0 /* LogManager.swift */; };
		280581062F07FC05003501F0 /* AppInfoHelper.swift in Sources */ = {isa = PBXBuildFile; fileRef = 280581042F07FC05003501F0 /* AppInfoHelper.swift */; };
		280D82352EF7C9AF00F161F2 /* HistoryPanelView.swift in Sources */ = {isa = PBXBuildFile; fileRef = 280D82342EF7C9AF00F161F2 /* HistoryPanelView.swift */; };
		281ED2A2261772060098DB79 /* config.json in Resources */ = {isa = PBXBuildFile; fileRef = 281ED2A1261772060098DB79 /* config.json */; };
		2834B5F62B5A0B3E00708FB1 /* EventObserver.swift in Sources */ = {isa = PBXBuildFile; fileRef = 2834B5F52B5A0B3E00708FB1 /* EventObserver.swift */; };
		2834B5FA2B5A245000708FB1 /* AppStateContainer.swift in Sources */ = {isa = PBXBuildFile; fileRef = 2834B5F92B5A245000708FB1 /* AppStateContainer.swift */; };
		2834B5FF2B5A41FB00708FB1 /* Settings in Frameworks */ = {isa = PBXBuildFile; productRef = 2834B5FE2B5A41FB00708FB1 /* Settings */; };
		2834B6022B5A474E00708FB1 /* DefaultsManager.swift in Sources */ = {isa = PBXBuildFile; fileRef = 2834B6012B5A474E00708FB1 /* DefaultsManager.swift */; };
		2834B6072B5A4A7300708FB1 /* LaunchAtLogin in Frameworks */ = {isa = PBXBuildFile; productRef = 2834B6062B5A4A7300708FB1 /* LaunchAtLogin */; };
		2834B60A2B5A4AAA00708FB1 /* DefaultsKit in Frameworks */ = {isa = PBXBuildFile; productRef = 2834B6092B5A4AAA00708FB1 /* DefaultsKit */; };
		2834B60C2B5A4ABF00708FB1 /* AppConfig.swift in Sources */ = {isa = PBXBuildFile; fileRef = 2834B60B2B5A4ABF00708FB1 /* AppConfig.swift */; };
		2834B6102B5A50EF00708FB1 /* DoNotDisturbConfig.swift in Sources */ = {isa = PBXBuildFile; fileRef = 2834B60F2B5A50EF00708FB1 /* DoNotDisturbConfig.swift */; };
		2834B6122B5A513E00708FB1 /* NotifyManager.swift in Sources */ = {isa = PBXBuildFile; fileRef = 2834B6112B5A513E00708FB1 /* NotifyManager.swift */; };
		2834B6142B5A564100708FB1 /* Compatibility.swift in Sources */ = {isa = PBXBuildFile; fileRef = 2834B6132B5A564100708FB1 /* Compatibility.swift */; };
		2834B6162B5A59AF00708FB1 /* Notify.swift in Sources */ = {isa = PBXBuildFile; fileRef = 2834B6152B5A59AF00708FB1 /* Notify.swift */; };
		2834B6182B5A664C00708FB1 /* MenuController.swift in Sources */ = {isa = PBXBuildFile; fileRef = 2834B6172B5A664C00708FB1 /* MenuController.swift */; };
		283F172F2CE84A6500DAC8BE /* ScriptManager.swift in Sources */ = {isa = PBXBuildFile; fileRef = 283F172E2CE84A5C00DAC8BE /* ScriptManager.swift */; };
		284251F62F00FBEA00DCB7C4 /* ExportManager.swift in Sources */ = {isa = PBXBuildFile; fileRef = 284251F52F00FBEA00DCB7C4 /* ExportManager.swift */; };
		284251F82F01031D00DCB7C4 /* SystemNotificationManager.swift in Sources */ = {isa = PBXBuildFile; fileRef = 284251F72F01031D00DCB7C4 /* SystemNotificationManager.swift */; };
		2885B3B62F06CDD400EAA2F9 /* WebhookManager.swift in Sources */ = {isa = PBXBuildFile; fileRef = 2885B3B52F06CDD400EAA2F9 /* WebhookManager.swift */; };
		2885B3B82F06CDDD00EAA2F9 /* WebhookConfig.swift in Sources */ = {isa = PBXBuildFile; fileRef = 2885B3B72F06CDDD00EAA2F9 /* WebhookConfig.swift */; };
		2885B3BA2F06CDE600EAA2F9 /* WebhookPanelView.swift in Sources */ = {isa = PBXBuildFile; fileRef = 2885B3B92F06CDE600EAA2F9 /* WebhookPanelView.swift */; };
		2885B3BC2F06CDF100EAA2F9 /* WebhookAPI.swift in Sources */ = {isa = PBXBuildFile; fileRef = 2885B3BB2F06CDF100EAA2F9 /* WebhookAPI.swift */; };
		288981772B5B59630078834D /* GeneraPanelView.swift in Sources */ = {isa = PBXBuildFile; fileRef = 288981762B5B59630078834D /* GeneraPanelView.swift */; };
		2889817A2B5B59E00078834D /* NotifyPaneView.swift in Sources */ = {isa = PBXBuildFile; fileRef = 288981792B5B59E00078834D /* NotifyPaneView.swift */; };
		2889817D2B5B75E50078834D /* SQLite in Frameworks */ = {isa = PBXBuildFile; productRef = 2889817C2B5B75E50078834D /* SQLite */; };
		2889817F2B5B75F80078834D /* SQLiteManager.swift in Sources */ = {isa = PBXBuildFile; fileRef = 2889817E2B5B75F80078834D /* SQLiteManager.swift */; };
		288981842B5B91930078834D /* RecordRepository.swift in Sources */ = {isa = PBXBuildFile; fileRef = 288981832B5B91930078834D /* RecordRepository.swift */; };
		288981862B5B926F0078834D /* Record.swift in Sources */ = {isa = PBXBuildFile; fileRef = 288981852B5B926F0078834D /* Record.swift */; };
		288981892B5BBAD40078834D /* Moya in Frameworks */ = {isa = PBXBuildFile; productRef = 288981882B5BBAD40078834D /* Moya */; };
		2889818C2B5BBAFD0078834D /* NotifyAPI.swift in Sources */ = {isa = PBXBuildFile; fileRef = 2889818B2B5BBAFD0078834D /* NotifyAPI.swift */; };
		2889818E2B5BCBEC0078834D /* NotifyError.swift in Sources */ = {isa = PBXBuildFile; fileRef = 2889818D2B5BCBEC0078834D /* NotifyError.swift */; };
		288981902B5E3ADE0078834D /* DoNotDisturbPanelView.swift in Sources */ = {isa = PBXBuildFile; fileRef = 2889818F2B5E3ADE0078834D /* DoNotDisturbPanelView.swift */; };
		288981922B5E48A40078834D /* MenuItem.swift in Sources */ = {isa = PBXBuildFile; fileRef = 288981912B5E48A40078834D /* MenuItem.swift */; };
		28A695A42B5F531100409E17 /* DisturbModeManager.swift in Sources */ = {isa = PBXBuildFile; fileRef = 28A695A32B5F531100409E17 /* DisturbModeManager.swift */; };
		28B243E026145BAA00367F57 /* AppDelegate.swift in Sources */ = {isa = PBXBuildFile; fileRef = 28B243DF26145BAA00367F57 /* AppDelegate.swift */; };
		28B243E226145BAA00367F57 /* ViewController.swift in Sources */ = {isa = PBXBuildFile; fileRef = 28B243E126145BAA00367F57 /* ViewController.swift */; };
		28B243E426145BAD00367F57 /* Assets.xcassets in Resources */ = {isa = PBXBuildFile; fileRef = 28B243E326145BAD00367F57 /* Assets.xcassets */; };
		28B243E726145BAD00367F57 /* Main.storyboard in Resources */ = {isa = PBXBuildFile; fileRef = 28B243E526145BAD00367F57 /* Main.storyboard */; };
		28B2441B2614624F00367F57 /* Localizable.strings in Resources */ = {isa = PBXBuildFile; fileRef = 28B2441D2614624F00367F57 /* Localizable.strings */; };
		28B2442D2615645000367F57 /* NotifyConfig.swift in Sources */ = {isa = PBXBuildFile; fileRef = 28B2442C2615645000367F57 /* NotifyConfig.swift */; };
		28B244342615B22B00367F57 /* sleep.c in Sources */ = {isa = PBXBuildFile; fileRef = 28B244332615B22B00367F57 /* sleep.c */; };
		28B2443E2615D75400367F57 /* Event.swift in Sources */ = {isa = PBXBuildFile; fileRef = 28B2443D2615D75400367F57 /* Event.swift */; };
/* End PBXBuildFile section */

/* Begin PBXCopyFilesBuildPhase section */
		2882DBAD262038930005728C /* CopyFiles */ = {
			isa = PBXCopyFilesBuildPhase;
			buildActionMask = 2147483647;
			dstPath = Contents/Library/LoginItems;
			dstSubfolderSpec = 1;
			files = (
			);
			runOnlyForDeploymentPostprocessing = 0;
		};
/* End PBXCopyFilesBuildPhase section */

/* Begin PBXFileReference section */
		280580F22F07C461003501F0 /* EventPanelView.swift */ = {isa = PBXFileReference; lastKnownFileType = sourcecode.swift; path = EventPanelView.swift; sourceTree = "<group>"; };
		280580FF2F07F3F0003501F0 /* FileLogHandler.swift */ = {isa = PBXFileReference; lastKnownFileType = sourcecode.swift; path = FileLogHandler.swift; sourceTree = "<group>"; };
		280581022F07F406003501F0 /* LogManager.swift */ = {isa = PBXFileReference; lastKnownFileType = sourcecode.swift; path = LogManager.swift; sourceTree = "<group>"; };
		280581042F07FC05003501F0 /* AppInfoHelper.swift */ = {isa = PBXFileReference; lastKnownFileType = sourcecode.swift; path = AppInfoHelper.swift; sourceTree = "<group>"; };
		280D82342EF7C9AF00F161F2 /* HistoryPanelView.swift */ = {isa = PBXFileReference; lastKnownFileType = sourcecode.swift; path = HistoryPanelView.swift; sourceTree = "<group>"; };
		281ED2A1261772060098DB79 /* config.json */ = {isa = PBXFileReference; lastKnownFileType = text.json; path = config.json; sourceTree = "<group>"; };
		2834B5F52B5A0B3E00708FB1 /* EventObserver.swift */ = {isa = PBXFileReference; lastKnownFileType = sourcecode.swift; path = EventObserver.swift; sourceTree = "<group>"; };
		2834B5F92B5A245000708FB1 /* AppStateContainer.swift */ = {isa = PBXFileReference; lastKnownFileType = sourcecode.swift; path = AppStateContainer.swift; sourceTree = "<group>"; };
		2834B6012B5A474E00708FB1 /* DefaultsManager.swift */ = {isa = PBXFileReference; lastKnownFileType = sourcecode.swift; path = DefaultsManager.swift; sourceTree = "<group>"; };
		2834B60B2B5A4ABF00708FB1 /* AppConfig.swift */ = {isa = PBXFileReference; lastKnownFileType = sourcecode.swift; path = AppConfig.swift; sourceTree = "<group>"; };
		2834B60F2B5A50EF00708FB1 /* DoNotDisturbConfig.swift */ = {isa = PBXFileReference; lastKnownFileType = sourcecode.swift; path = DoNotDisturbConfig.swift; sourceTree = "<group>"; };
		2834B6112B5A513E00708FB1 /* NotifyManager.swift */ = {isa = PBXFileReference; lastKnownFileType = sourcecode.swift; path = NotifyManager.swift; sourceTree = "<group>"; };
		2834B6132B5A564100708FB1 /* Compatibility.swift */ = {isa = PBXFileReference; lastKnownFileType = sourcecode.swift; path = Compatibility.swift; sourceTree = "<group>"; };
		2834B6152B5A59AF00708FB1 /* Notify.swift */ = {isa = PBXFileReference; lastKnownFileType = sourcecode.swift; path = Notify.swift; sourceTree = "<group>"; };
		2834B6172B5A664C00708FB1 /* MenuController.swift */ = {isa = PBXFileReference; lastKnownFileType = sourcecode.swift; path = MenuController.swift; sourceTree = "<group>"; };
		283F172E2CE84A5C00DAC8BE /* ScriptManager.swift */ = {isa = PBXFileReference; lastKnownFileType = sourcecode.swift; path = ScriptManager.swift; sourceTree = "<group>"; };
		284251F52F00FBEA00DCB7C4 /* ExportManager.swift */ = {isa = PBXFileReference; lastKnownFileType = sourcecode.swift; path = ExportManager.swift; sourceTree = "<group>"; };
		284251F72F01031D00DCB7C4 /* SystemNotificationManager.swift */ = {isa = PBXFileReference; lastKnownFileType = sourcecode.swift; path = SystemNotificationManager.swift; sourceTree = "<group>"; };
		2885B3B52F06CDD400EAA2F9 /* WebhookManager.swift */ = {isa = PBXFileReference; lastKnownFileType = sourcecode.swift; path = WebhookManager.swift; sourceTree = "<group>"; };
		2885B3B72F06CDDD00EAA2F9 /* WebhookConfig.swift */ = {isa = PBXFileReference; lastKnownFileType = sourcecode.swift; path = WebhookConfig.swift; sourceTree = "<group>"; };
		2885B3B92F06CDE600EAA2F9 /* WebhookPanelView.swift */ = {isa = PBXFileReference; lastKnownFileType = sourcecode.swift; path = WebhookPanelView.swift; sourceTree = "<group>"; };
		2885B3BB2F06CDF100EAA2F9 /* WebhookAPI.swift */ = {isa = PBXFileReference; lastKnownFileType = sourcecode.swift; path = WebhookAPI.swift; sourceTree = "<group>"; };
		288981762B5B59630078834D /* GeneraPanelView.swift */ = {isa = PBXFileReference; lastKnownFileType = sourcecode.swift; path = GeneraPanelView.swift; sourceTree = "<group>"; };
		288981792B5B59E00078834D /* NotifyPaneView.swift */ = {isa = PBXFileReference; lastKnownFileType = sourcecode.swift; path = NotifyPaneView.swift; sourceTree = "<group>"; };
		2889817E2B5B75F80078834D /* SQLiteManager.swift */ = {isa = PBXFileReference; lastKnownFileType = sourcecode.swift; path = SQLiteManager.swift; sourceTree = "<group>"; };
		288981832B5B91930078834D /* RecordRepository.swift */ = {isa = PBXFileReference; lastKnownFileType = sourcecode.swift; path = RecordRepository.swift; sourceTree = "<group>"; };
		288981852B5B926F0078834D /* Record.swift */ = {isa = PBXFileReference; lastKnownFileType = sourcecode.swift; path = Record.swift; sourceTree = "<group>"; };
		2889818B2B5BBAFD0078834D /* NotifyAPI.swift */ = {isa = PBXFileReference; lastKnownFileType = sourcecode.swift; path = NotifyAPI.swift; sourceTree = "<group>"; };
		2889818D2B5BCBEC0078834D /* NotifyError.swift */ = {isa = PBXFileReference; lastKnownFileType = sourcecode.swift; path = NotifyError.swift; sourceTree = "<group>"; };
		2889818F2B5E3ADE0078834D /* DoNotDisturbPanelView.swift */ = {isa = PBXFileReference; lastKnownFileType = sourcecode.swift; path = DoNotDisturbPanelView.swift; sourceTree = "<group>"; };
		288981912B5E48A40078834D /* MenuItem.swift */ = {isa = PBXFileReference; lastKnownFileType = sourcecode.swift; path = MenuItem.swift; sourceTree = "<group>"; };
		28A695A32B5F531100409E17 /* DisturbModeManager.swift */ = {isa = PBXFileReference; lastKnownFileType = sourcecode.swift; path = DisturbModeManager.swift; sourceTree = "<group>"; };
		28B243DC26145BAA00367F57 /* HemuLock.app */ = {isa = PBXFileReference; explicitFileType = wrapper.application; includeInIndex = 0; path = HemuLock.app; sourceTree = BUILT_PRODUCTS_DIR; };
		28B243DF26145BAA00367F57 /* AppDelegate.swift */ = {isa = PBXFileReference; lastKnownFileType = sourcecode.swift; path = AppDelegate.swift; sourceTree = "<group>"; };
		28B243E126145BAA00367F57 /* ViewController.swift */ = {isa = PBXFileReference; lastKnownFileType = sourcecode.swift; path = ViewController.swift; sourceTree = "<group>"; };
		28B243E326145BAD00367F57 /* Assets.xcassets */ = {isa = PBXFileReference; lastKnownFileType = folder.assetcatalog; path = Assets.xcassets; sourceTree = "<group>"; };
		28B243E626145BAD00367F57 /* Base */ = {isa = PBXFileReference; lastKnownFileType = file.storyboard; name = Base; path = Base.lproj/Main.storyboard; sourceTree = "<group>"; };
		28B243E826145BAD00367F57 /* Info.plist */ = {isa = PBXFileReference; lastKnownFileType = text.plist.xml; path = Info.plist; sourceTree = "<group>"; };
		28B243E926145BAD00367F57 /* HemuLock.entitlements */ = {isa = PBXFileReference; lastKnownFileType = text.plist.entitlements; path = HemuLock.entitlements; sourceTree = "<group>"; };
		28B2441C2614624F00367F57 /* en */ = {isa = PBXFileReference; lastKnownFileType = text.plist.strings; name = en; path = en.lproj/Localizable.strings; sourceTree = "<group>"; };
		28B24422261462D800367F57 /* zh-Hans */ = {isa = PBXFileReference; lastKnownFileType = text.plist.strings; name = "zh-Hans"; path = "zh-Hans.lproj/Localizable.strings"; sourceTree = "<group>"; };
		28B2442C2615645000367F57 /* NotifyConfig.swift */ = {isa = PBXFileReference; lastKnownFileType = sourcecode.swift; path = NotifyConfig.swift; sourceTree = "<group>"; };
		28B244312615B22A00367F57 /* HemuLock-Bridging-Header.h */ = {isa = PBXFileReference; lastKnownFileType = sourcecode.c.h; path = "HemuLock-Bridging-Header.h"; sourceTree = "<group>"; };
		28B244322615B22B00367F57 /* sleep.h */ = {isa = PBXFileReference; lastKnownFileType = sourcecode.c.h; path = sleep.h; sourceTree = "<group>"; };
		28B244332615B22B00367F57 /* sleep.c */ = {isa = PBXFileReference; lastKnownFileType = sourcecode.c.c; path = sleep.c; sourceTree = "<group>"; };
		28B2443D2615D75400367F57 /* Event.swift */ = {isa = PBXFileReference; lastKnownFileType = sourcecode.swift; path = Event.swift; sourceTree = "<group>"; };
		28F56D8D261C328B00B0D3B6 /* zh-Hans */ = {isa = PBXFileReference; lastKnownFileType = text.plist.strings; name = "zh-Hans"; path = "zh-Hans.lproj/Main.strings"; sourceTree = "<group>"; };
/* End PBXFileReference section */

/* Begin PBXFrameworksBuildPhase section */
		28B243D926145BAA00367F57 /* Frameworks */ = {
			isa = PBXFrameworksBuildPhase;
			buildActionMask = 2147483647;
			files = (
				2889817D2B5B75E50078834D /* SQLite in Frameworks */,
				2834B6072B5A4A7300708FB1 /* LaunchAtLogin in Frameworks */,
				280580FB2F07F0C5003501F0 /* Logging in Frameworks */,
				2834B60A2B5A4AAA00708FB1 /* DefaultsKit in Frameworks */,
				288981892B5BBAD40078834D /* Moya in Frameworks */,
				280580F92F07F0C5003501F0 /* InMemoryLogging in Frameworks */,
				2834B5FF2B5A41FB00708FB1 /* Settings in Frameworks */,
			);
			runOnlyForDeploymentPostprocessing = 0;
		};
/* End PBXFrameworksBuildPhase section */

/* Begin PBXGroup section */
		280581002F07F3F0003501F0 /* Handlers */ = {
			isa = PBXGroup;
			children = (
				280580FF2F07F3F0003501F0 /* FileLogHandler.swift */,
			);
			path = Handlers;
			sourceTree = "<group>";
		};
		280581052F07FC05003501F0 /* Helpers */ = {
			isa = PBXGroup;
			children = (
				280581042F07FC05003501F0 /* AppInfoHelper.swift */,
			);
			path = Helpers;
			sourceTree = "<group>";
		};
		2834B5F72B5A1E3800708FB1 /* Enums */ = {
			isa = PBXGroup;
			children = (
				28B2443D2615D75400367F57 /* Event.swift */,
				2834B6152B5A59AF00708FB1 /* Notify.swift */,
				2889818D2B5BCBEC0078834D /* NotifyError.swift */,
				288981912B5E48A40078834D /* MenuItem.swift */,
			);
			path = Enums;
			sourceTree = "<group>";
		};
		2834B5F82B5A1EE700708FB1 /* Managers */ = {
			isa = PBXGroup;
			children = (
				280581022F07F406003501F0 /* LogManager.swift */,
				2885B3B52F06CDD400EAA2F9 /* WebhookManager.swift */,
				284251F72F01031D00DCB7C4 /* SystemNotificationManager.swift */,
				284251F52F00FBEA00DCB7C4 /* ExportManager.swift */,
				283F172E2CE84A5C00DAC8BE /* ScriptManager.swift */,
				2834B6012B5A474E00708FB1 /* DefaultsManager.swift */,
				2834B6112B5A513E00708FB1 /* NotifyManager.swift */,
				2889817E2B5B75F80078834D /* SQLiteManager.swift */,
				28A695A32B5F531100409E17 /* DisturbModeManager.swift */,
			);
			path = Managers;
			sourceTree = "<group>";
		};
		288981782B5B596E0078834D /* Preference */ = {
			isa = PBXGroup;
			children = (
				280580F22F07C461003501F0 /* EventPanelView.swift */,
				2885B3B92F06CDE600EAA2F9 /* WebhookPanelView.swift */,
				280D82342EF7C9AF00F161F2 /* HistoryPanelView.swift */,
				288981762B5B59630078834D /* GeneraPanelView.swift */,
				288981792B5B59E00078834D /* NotifyPaneView.swift */,
				2889818F2B5E3ADE0078834D /* DoNotDisturbPanelView.swift */,
			);
			path = Preference;
			sourceTree = "<group>";
		};
		288981822B5B91850078834D /* Repository */ = {
			isa = PBXGroup;
			children = (
				288981832B5B91930078834D /* RecordRepository.swift */,
			);
			path = Repository;
			sourceTree = "<group>";
		};
		2889818A2B5BBAF20078834D /* API */ = {
			isa = PBXGroup;
			children = (
				2885B3BB2F06CDF100EAA2F9 /* WebhookAPI.swift */,
				2889818B2B5BBAFD0078834D /* NotifyAPI.swift */,
			);
			path = API;
			sourceTree = "<group>";
		};
		28B243D326145BAA00367F57 = {
			isa = PBXGroup;
			children = (
				28B243DE26145BAA00367F57 /* HemuLock */,
				28B243DD26145BAA00367F57 /* Products */,
			);
			sourceTree = "<group>";
		};
		28B243DD26145BAA00367F57 /* Products */ = {
			isa = PBXGroup;
			children = (
				28B243DC26145BAA00367F57 /* HemuLock.app */,
			);
			name = Products;
			sourceTree = "<group>";
		};
		28B243DE26145BAA00367F57 /* HemuLock */ = {
			isa = PBXGroup;
			children = (
				280581052F07FC05003501F0 /* Helpers */,
				280581002F07F3F0003501F0 /* Handlers */,
				2889818A2B5BBAF20078834D /* API */,
				288981822B5B91850078834D /* Repository */,
				2834B5F82B5A1EE700708FB1 /* Managers */,
				2834B5F72B5A1E3800708FB1 /* Enums */,
				28D47B532B59150F005F2AF8 /* Models */,
				28D47B522B5914F6005F2AF8 /* Controllers */,
				28D47B512B5914EB005F2AF8 /* Resources */,
				28D47B502B5914E6005F2AF8 /* Views */,
				28B243DF26145BAA00367F57 /* AppDelegate.swift */,
				2834B5F52B5A0B3E00708FB1 /* EventObserver.swift */,
				2834B5F92B5A245000708FB1 /* AppStateContainer.swift */,
				2834B6132B5A564100708FB1 /* Compatibility.swift */,
				28B243E326145BAD00367F57 /* Assets.xcassets */,
				28B243E526145BAD00367F57 /* Main.storyboard */,
				28B243E926145BAD00367F57 /* HemuLock.entitlements */,
				28B2441D2614624F00367F57 /* Localizable.strings */,
				28B244322615B22B00367F57 /* sleep.h */,
				28B244332615B22B00367F57 /* sleep.c */,
				28B243E826145BAD00367F57 /* Info.plist */,
				28B244312615B22A00367F57 /* HemuLock-Bridging-Header.h */,
			);
			path = HemuLock;
			sourceTree = "<group>";
		};
		28D47B502B5914E6005F2AF8 /* Views */ = {
			isa = PBXGroup;
			children = (
				288981782B5B596E0078834D /* Preference */,
			);
			path = Views;
			sourceTree = "<group>";
		};
		28D47B512B5914EB005F2AF8 /* Resources */ = {
			isa = PBXGroup;
			children = (
				281ED2A1261772060098DB79 /* config.json */,
			);
			path = Resources;
			sourceTree = "<group>";
		};
		28D47B522B5914F6005F2AF8 /* Controllers */ = {
			isa = PBXGroup;
			children = (
				28B243E126145BAA00367F57 /* ViewController.swift */,
				2834B6172B5A664C00708FB1 /* MenuController.swift */,
			);
			path = Controllers;
			sourceTree = "<group>";
		};
		28D47B532B59150F005F2AF8 /* Models */ = {
			isa = PBXGroup;
			children = (
				2885B3B72F06CDDD00EAA2F9 /* WebhookConfig.swift */,
				28B2442C2615645000367F57 /* NotifyConfig.swift */,
				2834B60F2B5A50EF00708FB1 /* DoNotDisturbConfig.swift */,
				2834B60B2B5A4ABF00708FB1 /* AppConfig.swift */,
				288981852B5B926F0078834D /* Record.swift */,
			);
			path = Models;
			sourceTree = "<group>";
		};
/* End PBXGroup section */

/* Begin PBXNativeTarget section */
		28B243DB26145BAA00367F57 /* HemuLock */ = {
			isa = PBXNativeTarget;
			buildConfigurationList = 28B2440226145BAD00367F57 /* Build configuration list for PBXNativeTarget "HemuLock" */;
			buildPhases = (
				28B243D826145BAA00367F57 /* Sources */,
				28B243D926145BAA00367F57 /* Frameworks */,
				28B243DA26145BAA00367F57 /* Resources */,
				2882DBAD262038930005728C /* CopyFiles */,
			);
			buildRules = (
			);
			dependencies = (
			);
			name = HemuLock;
			packageProductDependencies = (
				2834B5FE2B5A41FB00708FB1 /* Settings */,
				2834B6062B5A4A7300708FB1 /* LaunchAtLogin */,
				2834B6092B5A4AAA00708FB1 /* DefaultsKit */,
				2889817C2B5B75E50078834D /* SQLite */,
				288981882B5BBAD40078834D /* Moya */,
				280580F82F07F0C5003501F0 /* InMemoryLogging */,
				280580FA2F07F0C5003501F0 /* Logging */,
			);
			productName = hemu;
			productReference = 28B243DC26145BAA00367F57 /* HemuLock.app */;
			productType = "com.apple.product-type.application";
		};
/* End PBXNativeTarget section */

/* Begin PBXProject section */
		28B243D426145BAA00367F57 /* Project object */ = {
			isa = PBXProject;
			attributes = {
				LastSwiftUpdateCheck = 1240;
				LastUpgradeCheck = 1240;
				TargetAttributes = {
					28B243DB26145BAA00367F57 = {
						CreatedOnToolsVersion = 12.4;
						LastSwiftMigration = 1240;
					};
				};
			};
			buildConfigurationList = 28B243D726145BAA00367F57 /* Build configuration list for PBXProject "HemuLock" */;
			compatibilityVersion = "Xcode 9.3";
			developmentRegion = en;
			hasScannedForEncodings = 0;
			knownRegions = (
				en,
				Base,
				"zh-Hans",
			);
			mainGroup = 28B243D326145BAA00367F57;
			packageReferences = (
				2834B5FB2B5A289300708FB1 /* XCRemoteSwiftPackageReference "Settings" */,
				2834B6052B5A4A7300708FB1 /* XCRemoteSwiftPackageReference "LaunchAtLogin" */,
				2834B6082B5A4AAA00708FB1 /* XCRemoteSwiftPackageReference "DefaultsKit" */,
				2889817B2B5B75E50078834D /* XCRemoteSwiftPackageReference "SQLite.swift" */,
				288981872B5BBAD40078834D /* XCRemoteSwiftPackageReference "Moya" */,
				280580F72F07F0C5003501F0 /* XCRemoteSwiftPackageReference "swift-log" */,
			);
			productRefGroup = 28B243DD26145BAA00367F57 /* Products */;
			projectDirPath = "";
			projectRoot = "";
			targets = (
				28B243DB26145BAA00367F57 /* HemuLock */,
			);
		};
/* End PBXProject section */

/* Begin PBXResourcesBuildPhase section */
		28B243DA26145BAA00367F57 /* Resources */ = {
			isa = PBXResourcesBuildPhase;
			buildActionMask = 2147483647;
			files = (
				28B243E426145BAD00367F57 /* Assets.xcassets in Resources */,
				281ED2A2261772060098DB79 /* config.json in Resources */,
				28B2441B2614624F00367F57 /* Localizable.strings in Resources */,
				28B243E726145BAD00367F57 /* Main.storyboard in Resources */,
			);
			runOnlyForDeploymentPostprocessing = 0;
		};
/* End PBXResourcesBuildPhase section */

/* Begin PBXSourcesBuildPhase section */
		28B243D826145BAA00367F57 /* Sources */ = {
			isa = PBXSourcesBuildPhase;
			buildActionMask = 2147483647;
			files = (
				288981772B5B59630078834D /* GeneraPanelView.swift in Sources */,
				2834B5F62B5A0B3E00708FB1 /* EventObserver.swift in Sources */,
				2889817A2B5B59E00078834D /* NotifyPaneView.swift in Sources */,
				280581012F07F3F0003501F0 /* FileLogHandler.swift in Sources */,
				2885B3BA2F06CDE600EAA2F9 /* WebhookPanelView.swift in Sources */,
				28B243E226145BAA00367F57 /* ViewController.swift in Sources */,
				28B244342615B22B00367F57 /* sleep.c in Sources */,
				2834B5FA2B5A245000708FB1 /* AppStateContainer.swift in Sources */,
				28B243E026145BAA00367F57 /* AppDelegate.swift in Sources */,
				2834B6022B5A474E00708FB1 /* DefaultsManager.swift in Sources */,
				280580F32F07C461003501F0 /* EventPanelView.swift in Sources */,
				283F172F2CE84A6500DAC8BE /* ScriptManager.swift in Sources */,
				288981842B5B91930078834D /* RecordRepository.swift in Sources */,
				2834B6142B5A564100708FB1 /* Compatibility.swift in Sources */,
				2834B6182B5A664C00708FB1 /* MenuController.swift in Sources */,
				280581062F07FC05003501F0 /* AppInfoHelper.swift in Sources */,
				288981902B5E3ADE0078834D /* DoNotDisturbPanelView.swift in Sources */,
				288981862B5B926F0078834D /* Record.swift in Sources */,
				2889818E2B5BCBEC0078834D /* NotifyError.swift in Sources */,
				2834B6162B5A59AF00708FB1 /* Notify.swift in Sources */,
				28B2443E2615D75400367F57 /* Event.swift in Sources */,
				28A695A42B5F531100409E17 /* DisturbModeManager.swift in Sources */,
				288981922B5E48A40078834D /* MenuItem.swift in Sources */,
				2885B3BC2F06CDF100EAA2F9 /* WebhookAPI.swift in Sources */,
				2885B3B82F06CDDD00EAA2F9 /* WebhookConfig.swift in Sources */,
				2889817F2B5B75F80078834D /* SQLiteManager.swift in Sources */,
				2834B60C2B5A4ABF00708FB1 /* AppConfig.swift in Sources */,
				2889818C2B5BBAFD0078834D /* NotifyAPI.swift in Sources */,
				2885B3B62F06CDD400EAA2F9 /* WebhookManager.swift in Sources */,
				280D82352EF7C9AF00F161F2 /* HistoryPanelView.swift in Sources */,
				28B2442D2615645000367F57 /* NotifyConfig.swift in Sources */,
				2834B6102B5A50EF00708FB1 /* DoNotDisturbConfig.swift in Sources */,
				280581032F07F406003501F0 /* LogManager.swift in Sources */,
				284251F82F01031D00DCB7C4 /* SystemNotificationManager.swift in Sources */,
				2834B6122B5A513E00708FB1 /* NotifyManager.swift in Sources */,
				284251F62F00FBEA00DCB7C4 /* ExportManager.swift in Sources */,
			);
			runOnlyForDeploymentPostprocessing = 0;
		};
/* End PBXSourcesBuildPhase section */

/* Begin PBXVariantGroup section */
		28B243E526145BAD00367F57 /* Main.storyboard */ = {
			isa = PBXVariantGroup;
			children = (
				28B243E626145BAD00367F57 /* Base */,
				28F56D8D261C328B00B0D3B6 /* zh-Hans */,
			);
			name = Main.storyboard;
			sourceTree = "<group>";
		};
		28B2441D2614624F00367F57 /* Localizable.strings */ = {
			isa = PBXVariantGroup;
			children = (
				28B2441C2614624F00367F57 /* en */,
				28B24422261462D800367F57 /* zh-Hans */,
			);
			name = Localizable.strings;
			sourceTree = "<group>";
		};
/* End PBXVariantGroup section */

/* Begin XCBuildConfiguration section */
		28B2440026145BAD00367F57 /* Debug */ = {
			isa = XCBuildConfiguration;
			buildSettings = {
				ALWAYS_SEARCH_USER_PATHS = NO;
				CLANG_ANALYZER_LOCALIZABILITY_NONLOCALIZED = YES;
				CLANG_ANALYZER_NONNULL = YES;
				CLANG_ANALYZER_NUMBER_OBJECT_CONVERSION = YES_AGGRESSIVE;
				CLANG_CXX_LANGUAGE_STANDARD = "gnu++14";
				CLANG_CXX_LIBRARY = "libc++";
				CLANG_ENABLE_MODULES = YES;
				CLANG_ENABLE_OBJC_ARC = YES;
				CLANG_ENABLE_OBJC_WEAK = YES;
				CLANG_WARN_BLOCK_CAPTURE_AUTORELEASING = YES;
				CLANG_WARN_BOOL_CONVERSION = YES;
				CLANG_WARN_COMMA = YES;
				CLANG_WARN_CONSTANT_CONVERSION = YES;
				CLANG_WARN_DEPRECATED_OBJC_IMPLEMENTATIONS = YES;
				CLANG_WARN_DIRECT_OBJC_ISA_USAGE = YES_ERROR;
				CLANG_WARN_DOCUMENTATION_COMMENTS = YES;
				CLANG_WARN_EMPTY_BODY = YES;
				CLANG_WARN_ENUM_CONVERSION = YES;
				CLANG_WARN_INFINITE_RECURSION = YES;
				CLANG_WARN_INT_CONVERSION = YES;
				CLANG_WARN_NON_LITERAL_NULL_CONVERSION = YES;
				CLANG_WARN_OBJC_IMPLICIT_RETAIN_SELF = YES;
				CLANG_WARN_OBJC_LITERAL_CONVERSION = YES;
				CLANG_WARN_OBJC_ROOT_CLASS = YES_ERROR;
				CLANG_WARN_QUOTED_INCLUDE_IN_FRAMEWORK_HEADER = YES;
				CLANG_WARN_RANGE_LOOP_ANALYSIS = YES;
				CLANG_WARN_STRICT_PROTOTYPES = YES;
				CLANG_WARN_SUSPICIOUS_MOVE = YES;
				CLANG_WARN_UNGUARDED_AVAILABILITY = YES_AGGRESSIVE;
				CLANG_WARN_UNREACHABLE_CODE = YES;
				CLANG_WARN__DUPLICATE_METHOD_MATCH = YES;
				COPY_PHASE_STRIP = NO;
				DEBUG_INFORMATION_FORMAT = dwarf;
				ENABLE_STRICT_OBJC_MSGSEND = YES;
				ENABLE_TESTABILITY = YES;
				GCC_C_LANGUAGE_STANDARD = gnu11;
				GCC_DYNAMIC_NO_PIC = NO;
				GCC_NO_COMMON_BLOCKS = YES;
				GCC_OPTIMIZATION_LEVEL = 0;
				GCC_PREPROCESSOR_DEFINITIONS = (
					"DEBUG=1",
					"$(inherited)",
				);
				GCC_WARN_64_TO_32_BIT_CONVERSION = YES;
				GCC_WARN_ABOUT_RETURN_TYPE = YES_ERROR;
				GCC_WARN_UNDECLARED_SELECTOR = YES;
				GCC_WARN_UNINITIALIZED_AUTOS = YES_AGGRESSIVE;
				GCC_WARN_UNUSED_FUNCTION = YES;
				GCC_WARN_UNUSED_VARIABLE = YES;
				MACOSX_DEPLOYMENT_TARGET = 10.15;
				MTL_ENABLE_DEBUG_INFO = INCLUDE_SOURCE;
				MTL_FAST_MATH = YES;
				ONLY_ACTIVE_ARCH = YES;
				SDKROOT = macosx;
				SWIFT_ACTIVE_COMPILATION_CONDITIONS = DEBUG;
				SWIFT_OPTIMIZATION_LEVEL = "-Onone";
			};
			name = Debug;
		};
		28B2440126145BAD00367F57 /* Release */ = {
			isa = XCBuildConfiguration;
			buildSettings = {
				ALWAYS_SEARCH_USER_PATHS = NO;
				CLANG_ANALYZER_LOCALIZABILITY_NONLOCALIZED = YES;
				CLANG_ANALYZER_NONNULL = YES;
				CLANG_ANALYZER_NUMBER_OBJECT_CONVERSION = YES_AGGRESSIVE;
				CLANG_CXX_LANGUAGE_STANDARD = "gnu++14";
				CLANG_CXX_LIBRARY = "libc++";
				CLANG_ENABLE_MODULES = YES;
				CLANG_ENABLE_OBJC_ARC = YES;
				CLANG_ENABLE_OBJC_WEAK = YES;
				CLANG_WARN_BLOCK_CAPTURE_AUTORELEASING = YES;
				CLANG_WARN_BOOL_CONVERSION = YES;
				CLANG_WARN_COMMA = YES;
				CLANG_WARN_CONSTANT_CONVERSION = YES;
				CLANG_WARN_DEPRECATED_OBJC_IMPLEMENTATIONS = YES;
				CLANG_WARN_DIRECT_OBJC_ISA_USAGE = YES_ERROR;
				CLANG_WARN_DOCUMENTATION_COMMENTS = YES;
				CLANG_WARN_EMPTY_BODY = YES;
				CLANG_WARN_ENUM_CONVERSION = YES;
				CLANG_WARN_INFINITE_RECURSION = YES;
				CLANG_WARN_INT_CONVERSION = YES;
				CLANG_WARN_NON_LITERAL_NULL_CONVERSION = YES;
				CLANG_WARN_OBJC_IMPLICIT_RETAIN_SELF = YES;
				CLANG_WARN_OBJC_LITERAL_CONVERSION = YES;
				CLANG_WARN_OBJC_ROOT_CLASS = YES_ERROR;
				CLANG_WARN_QUOTED_INCLUDE_IN_FRAMEWORK_HEADER = YES;
				CLANG_WARN_RANGE_LOOP_ANALYSIS = YES;
				CLANG_WARN_STRICT_PROTOTYPES = YES;
				CLANG_WARN_SUSPICIOUS_MOVE = YES;
				CLANG_WARN_UNGUARDED_AVAILABILITY = YES_AGGRESSIVE;
				CLANG_WARN_UNREACHABLE_CODE = YES;
				CLANG_WARN__DUPLICATE_METHOD_MATCH = YES;
				COPY_PHASE_STRIP = NO;
				DEBUG_INFORMATION_FORMAT = "dwarf-with-dsym";
				ENABLE_NS_ASSERTIONS = NO;
				ENABLE_STRICT_OBJC_MSGSEND = YES;
				GCC_C_LANGUAGE_STANDARD = gnu11;
				GCC_NO_COMMON_BLOCKS = YES;
				GCC_WARN_64_TO_32_BIT_CONVERSION = YES;
				GCC_WARN_ABOUT_RETURN_TYPE = YES_ERROR;
				GCC_WARN_UNDECLARED_SELECTOR = YES;
				GCC_WARN_UNINITIALIZED_AUTOS = YES_AGGRESSIVE;
				GCC_WARN_UNUSED_FUNCTION = YES;
				GCC_WARN_UNUSED_VARIABLE = YES;
				MACOSX_DEPLOYMENT_TARGET = 10.15;
				MTL_ENABLE_DEBUG_INFO = NO;
				MTL_FAST_MATH = YES;
				SDKROOT = macosx;
				SWIFT_COMPILATION_MODE = wholemodule;
				SWIFT_OPTIMIZATION_LEVEL = "-O";
			};
			name = Release;
		};
		28B2440326145BAD00367F57 /* Debug */ = {
			isa = XCBuildConfiguration;
			buildSettings = {
				ASSETCATALOG_COMPILER_APPICON_NAME = AppIcon;
				ASSETCATALOG_COMPILER_GLOBAL_ACCENT_COLOR_NAME = AccentColor;
				CLANG_ENABLE_MODULES = YES;
				CODE_SIGN_ENTITLEMENTS = HemuLock/HemuLock.entitlements;
				CODE_SIGN_STYLE = Automatic;
				COMBINE_HIDPI_IMAGES = YES;
				CURRENT_PROJECT_VERSION = 1;
				DEVELOPMENT_TEAM = X63ZQ5VH53;
				INFOPLIST_FILE = HemuLock/Info.plist;
				LD_RUNPATH_SEARCH_PATHS = (
					"$(inherited)",
					"@executable_path/../Frameworks",
				);
				MACOSX_DEPLOYMENT_TARGET = 11.0;
				MARKETING_VERSION = 2.1.0;
				PRODUCT_BUNDLE_IDENTIFIER = com.cyberstack.HemuLock;
				PRODUCT_NAME = "$(TARGET_NAME)";
				SWIFT_OBJC_BRIDGING_HEADER = "HemuLock/HemuLock-Bridging-Header.h";
				SWIFT_OPTIMIZATION_LEVEL = "-Onone";
				SWIFT_VERSION = 5.0;
			};
			name = Debug;
		};
		28B2440426145BAD00367F57 /* Release */ = {
			isa = XCBuildConfiguration;
			buildSettings = {
				ASSETCATALOG_COMPILER_APPICON_NAME = AppIcon;
				ASSETCATALOG_COMPILER_GLOBAL_ACCENT_COLOR_NAME = AccentColor;
				CLANG_ENABLE_MODULES = YES;
				CODE_SIGN_ENTITLEMENTS = HemuLock/HemuLock.entitlements;
				CODE_SIGN_STYLE = Automatic;
				COMBINE_HIDPI_IMAGES = YES;
				CURRENT_PROJECT_VERSION = 1;
				DEVELOPMENT_TEAM = X63ZQ5VH53;
				INFOPLIST_FILE = HemuLock/Info.plist;
				LD_RUNPATH_SEARCH_PATHS = (
					"$(inherited)",
					"@executable_path/../Frameworks",
				);
				MACOSX_DEPLOYMENT_TARGET = 11.0;
				MARKETING_VERSION = 2.1.0;
				PRODUCT_BUNDLE_IDENTIFIER = com.cyberstack.HemuLock;
				PRODUCT_NAME = "$(TARGET_NAME)";
				SWIFT_OBJC_BRIDGING_HEADER = "HemuLock/HemuLock-Bridging-Header.h";
				SWIFT_VERSION = 5.0;
			};
			name = Release;
		};
/* End XCBuildConfiguration section */

/* Begin XCConfigurationList section */
		28B243D726145BAA00367F57 /* Build configuration list for PBXProject "HemuLock" */ = {
			isa = XCConfigurationList;
			buildConfigurations = (
				28B2440026145BAD00367F57 /* Debug */,
				28B2440126145BAD00367F57 /* Release */,
			);
			defaultConfigurationIsVisible = 0;
			defaultConfigurationName = Release;
		};
		28B2440226145BAD00367F57 /* Build configuration list for PBXNativeTarget "HemuLock" */ = {
			isa = XCConfigurationList;
			buildConfigurations = (
				28B2440326145BAD00367F57 /* Debug */,
				28B2440426145BAD00367F57 /* Release */,
			);
			defaultConfigurationIsVisible = 0;
			defaultConfigurationName = Release;
		};
/* End XCConfigurationList section */

/* Begin XCRemoteSwiftPackageReference section */
		280580F72F07F0C5003501F0 /* XCRemoteSwiftPackageReference "swift-log" */ = {
			isa = XCRemoteSwiftPackageReference;
			repositoryURL = "https://github.com/apple/swift-log";
			requirement = {
				kind = upToNextMajorVersion;
				minimumVersion = 1.8.0;
			};
		};
		2834B5FB2B5A289300708FB1 /* XCRemoteSwiftPackageReference "Settings" */ = {
			isa = XCRemoteSwiftPackageReference;
			repositoryURL = "https://github.com/sindresorhus/Settings";
			requirement = {
				kind = upToNextMajorVersion;
				minimumVersion = 3.1.0;
			};
		};
		2834B6052B5A4A7300708FB1 /* XCRemoteSwiftPackageReference "LaunchAtLogin" */ = {
			isa = XCRemoteSwiftPackageReference;
			repositoryURL = "https://github.com/sindresorhus/LaunchAtLogin";
			requirement = {
				branch = main;
				kind = branch;
			};
		};
		2834B6082B5A4AAA00708FB1 /* XCRemoteSwiftPackageReference "DefaultsKit" */ = {
			isa = XCRemoteSwiftPackageReference;
			repositoryURL = "https://github.com/nmdias/DefaultsKit.git";
			requirement = {
				branch = master;
				kind = branch;
			};
		};
		2889817B2B5B75E50078834D /* XCRemoteSwiftPackageReference "SQLite.swift" */ = {
			isa = XCRemoteSwiftPackageReference;
			repositoryURL = "https://github.com/stephencelis/SQLite.swift.git";
			requirement = {
				kind = upToNextMajorVersion;
				minimumVersion = 0.14.1;
			};
		};
		288981872B5BBAD40078834D /* XCRemoteSwiftPackageReference "Moya" */ = {
			isa = XCRemoteSwiftPackageReference;
			repositoryURL = "https://github.com/Moya/Moya.git";
			requirement = {
				kind = upToNextMajorVersion;
				minimumVersion = 15.0.3;
			};
		};
/* End XCRemoteSwiftPackageReference section */

/* Begin XCSwiftPackageProductDependency section */
		280580F82F07F0C5003501F0 /* InMemoryLogging */ = {
			isa = XCSwiftPackageProductDependency;
			package = 280580F72F07F0C5003501F0 /* XCRemoteSwiftPackageReference "swift-log" */;
			productName = InMemoryLogging;
		};
		280580FA2F07F0C5003501F0 /* Logging */ = {
			isa = XCSwiftPackageProductDependency;
			package = 280580F72F07F0C5003501F0 /* XCRemoteSwiftPackageReference "swift-log" */;
			productName = Logging;
		};
		2834B5FE2B5A41FB00708FB1 /* Settings */ = {
			isa = XCSwiftPackageProductDependency;
			package = 2834B5FB2B5A289300708FB1 /* XCRemoteSwiftPackageReference "Settings" */;
			productName = Settings;
		};
		2834B6062B5A4A7300708FB1 /* LaunchAtLogin */ = {
			isa = XCSwiftPackageProductDependency;
			package = 2834B6052B5A4A7300708FB1 /* XCRemoteSwiftPackageReference "LaunchAtLogin" */;
			productName = LaunchAtLogin;
		};
		2834B6092B5A4AAA00708FB1 /* DefaultsKit */ = {
			isa = XCSwiftPackageProductDependency;
			package = 2834B6082B5A4AAA00708FB1 /* XCRemoteSwiftPackageReference "DefaultsKit" */;
			productName = DefaultsKit;
		};
		2889817C2B5B75E50078834D /* SQLite */ = {
			isa = XCSwiftPackageProductDependency;
			package = 2889817B2B5B75E50078834D /* XCRemoteSwiftPackageReference "SQLite.swift" */;
			productName = SQLite;
		};
		288981882B5BBAD40078834D /* Moya */ = {
			isa = XCSwiftPackageProductDependency;
			package = 288981872B5BBAD40078834D /* XCRemoteSwiftPackageReference "Moya" */;
			productName = Moya;
		};
/* End XCSwiftPackageProductDependency section */
	};
	rootObject = 28B243D426145BAA00367F57 /* Project object */;
}
